
Microsoft Visual Studio Solution File, Format Version 12.00
# Visual Studio 2013
VisualStudioVersion = 12.0.21005.1
MinimumVisualStudioVersion = 10.0.40219.1
Project("{8BC9CEB8-8B4A-11D0-8D11-00A0C91BC942}") = "Chapter 1 Vector Algebra", "Chapter 1 Vector Algebra\Chapter 1 Vector Algebra.vcxproj", "{F63AE503-8D3E-402C-96F7-F17E9D03D47F}"
EndProject
Project("{8BC9CEB8-8B4A-11D0-8D11-00A0C91BC942}") = "Chapter 2 Matrix Algebra", "Chapter 2 Matrix Algebra\Chapter 2 Matrix Algebra.vcxproj", "{6C1F167B-FA36-49D4-9007-C5D96E4F04A7}"
EndProject
Project("{8BC9CEB8-8B4A-11D0-8D11-00A0C91BC942}") = "Chapter 3 Transformations", "Chapter 3 Transformations\Chapter 3 Transformations.vcxproj", "{EB5D62D1-43CA-4FC4-BA20-022BD0C4CAFB}"
EndProject
Project("{8BC9CEB8-8B4A-11D0-8D11-00A0C91BC942}") = "Chapter 4 Direct3D Initialization", "Chapter 4 Direct3D Initialization\Chapter 4 Direct3D Initialization.vcxproj", "{F1C541AE-45EC-4CE0-A44A-850431D7748F}"
	ProjectSection(ProjectDependencies) = postProject
		{D86BFC50-AEFF-4A71-80FC-5A64420DFF80} = {D86BFC50-AEFF-4A71-80FC-5A64420DFF80}
		{DF460EAB-570D-4B50-9089-2E2FC801BF38} = {DF460EAB-570D-4B50-9089-2E2FC801BF38}
	EndProjectSection
EndProject
Project("{8BC9CEB8-8B4A-11D0-8D11-00A0C91BC942}") = "DirectXApp", "DirectXApp\DirectXApp.vcxproj", "{D86BFC50-AEFF-4A71-80FC-5A64420DFF80}"
	ProjectSection(ProjectDependencies) = postProject
		{DF460EAB-570D-4B50-9089-2E2FC801BF38} = {DF460EAB-570D-4B50-9089-2E2FC801BF38}
	EndProjectSection
EndProject
Project("{8BC9CEB8-8B4A-11D0-8D11-00A0C91BC942}") = "Chapter 6 Drawing in Direct3D", "Chapter 6 Drawing in Direct3D\Chapter 6 Drawing in Direct3D.vcxproj", "{06339FDA-CCD5-406C-8F98-DE1CFC7E0A33}"
	ProjectSection(ProjectDependencies) = postProject
		{D86BFC50-AEFF-4A71-80FC-5A64420DFF80} = {D86BFC50-AEFF-4A71-80FC-5A64420DFF80}
		{DF460EAB-570D-4B50-9089-2E2FC801BF38} = {DF460EAB-570D-4B50-9089-2E2FC801BF38}
	EndProjectSection
EndProject
Project("{8BC9CEB8-8B4A-11D0-8D11-00A0C91BC942}") = "Effects11", "Effects11\Effects11_2012.vcxproj", "{DF460EAB-570D-4B50-9089-2E2FC801BF38}"
EndProject
Project("{8BC9CEB8-8B4A-11D0-8D11-00A0C91BC942}") = "Chapter 7 Lighting", "Chapter 7 Lighting\Chapter 7 Lighting.vcxproj", "{ED751491-FD7E-48C0-8BB6-9F2051817703}"
EndProject
Project("{8BC9CEB8-8B4A-11D0-8D11-00A0C91BC942}") = "Chapter 8 Texturing", "Chapter 8 Texturing\Chapter 8 Texturing.vcxproj", "{CA626B28-6A68-4796-A464-4AEAB8C78A3F}"
EndProject
Project("{8BC9CEB8-8B4A-11D0-8D11-00A0C91BC942}") = "DirectXTK_Desktop_2013", "DirectXTK\DirectXTK_Desktop_2013.vcxproj", "{E0B52AE7-E160-4D32-BF3F-910B785E5A8E}"
EndProject
Project("{8BC9CEB8-8B4A-11D0-8D11-00A0C91BC942}") = "tinyxml", "tinyxml\tinyxml_lib.vcxproj", "{C406DAEC-0886-4771-8DEA-9D7329B46CC1}"
EndProject
Global
	GlobalSection(SolutionConfigurationPlatforms) = preSolution
		Debug|Mixed Platforms = Debug|Mixed Platforms
		Debug|Win32 = Debug|Win32
		Debug|x64 = Debug|x64
		Profile|Mixed Platforms = Profile|Mixed Platforms
		Profile|Win32 = Profile|Win32
		Profile|x64 = Profile|x64
		Release|Mixed Platforms = Release|Mixed Platforms
		Release|Win32 = Release|Win32
		Release|x64 = Release|x64
	EndGlobalSection
	GlobalSection(ProjectConfigurationPlatforms) = postSolution
		{F63AE503-8D3E-402C-96F7-F17E9D03D47F}.Debug|Mixed Platforms.ActiveCfg = Debug|Win32
		{F63AE503-8D3E-402C-96F7-F17E9D03D47F}.Debug|Mixed Platforms.Build.0 = Debug|Win32
		{F63AE503-8D3E-402C-96F7-F17E9D03D47F}.Debug|Win32.ActiveCfg = Debug|Win32
		{F63AE503-8D3E-402C-96F7-F17E9D03D47F}.Debug|Win32.Build.0 = Debug|Win32
		{F63AE503-8D3E-402C-96F7-F17E9D03D47F}.Debug|x64.ActiveCfg = Debug|x64
		{F63AE503-8D3E-402C-96F7-F17E9D03D47F}.Debug|x64.Build.0 = Debug|x64
		{F63AE503-8D3E-402C-96F7-F17E9D03D47F}.Profile|Mixed Platforms.ActiveCfg = Release|Win32
		{F63AE503-8D3E-402C-96F7-F17E9D03D47F}.Profile|Mixed Platforms.Build.0 = Release|Win32
		{F63AE503-8D3E-402C-96F7-F17E9D03D47F}.Profile|Win32.ActiveCfg = Release|Win32
		{F63AE503-8D3E-402C-96F7-F17E9D03D47F}.Profile|Win32.Build.0 = Release|Win32
		{F63AE503-8D3E-402C-96F7-F17E9D03D47F}.Profile|x64.ActiveCfg = Release|Win32
		{F63AE503-8D3E-402C-96F7-F17E9D03D47F}.Release|Mixed Platforms.ActiveCfg = Release|Win32
		{F63AE503-8D3E-402C-96F7-F17E9D03D47F}.Release|Mixed Platforms.Build.0 = Release|Win32
		{F63AE503-8D3E-402C-96F7-F17E9D03D47F}.Release|Win32.ActiveCfg = Release|Win32
		{F63AE503-8D3E-402C-96F7-F17E9D03D47F}.Release|Win32.Build.0 = Release|Win32
		{F63AE503-8D3E-402C-96F7-F17E9D03D47F}.Release|x64.ActiveCfg = Release|x64
		{F63AE503-8D3E-402C-96F7-F17E9D03D47F}.Release|x64.Build.0 = Release|x64
		{6C1F167B-FA36-49D4-9007-C5D96E4F04A7}.Debug|Mixed Platforms.ActiveCfg = Debug|Win32
		{6C1F167B-FA36-49D4-9007-C5D96E4F04A7}.Debug|Mixed Platforms.Build.0 = Debug|Win32
		{6C1F167B-FA36-49D4-9007-C5D96E4F04A7}.Debug|Win32.ActiveCfg = Debug|Win32
		{6C1F167B-FA36-49D4-9007-C5D96E4F04A7}.Debug|Win32.Build.0 = Debug|Win32
		{6C1F167B-FA36-49D4-9007-C5D96E4F04A7}.Debug|x64.ActiveCfg = Debug|x64
		{6C1F167B-FA36-49D4-9007-C5D96E4F04A7}.Debug|x64.Build.0 = Debug|x64
		{6C1F167B-FA36-49D4-9007-C5D96E4F04A7}.Profile|Mixed Platforms.ActiveCfg = Release|Win32
		{6C1F167B-FA36-49D4-9007-C5D96E4F04A7}.Profile|Mixed Platforms.Build.0 = Release|Win32
		{6C1F167B-FA36-49D4-9007-C5D96E4F04A7}.Profile|Win32.ActiveCfg = Release|Win32
		{6C1F167B-FA36-49D4-9007-C5D96E4F04A7}.Profile|Win32.Build.0 = Release|Win32
		{6C1F167B-FA36-49D4-9007-C5D96E4F04A7}.Profile|x64.ActiveCfg = Release|Win32
		{6C1F167B-FA36-49D4-9007-C5D96E4F04A7}.Release|Mixed Platforms.ActiveCfg = Release|Win32
		{6C1F167B-FA36-49D4-9007-C5D96E4F04A7}.Release|Mixed Platforms.Build.0 = Release|Win32
		{6C1F167B-FA36-49D4-9007-C5D96E4F04A7}.Release|Win32.ActiveCfg = Release|Win32
		{6C1F167B-FA36-49D4-9007-C5D96E4F04A7}.Release|Win32.Build.0 = Release|Win32
		{6C1F167B-FA36-49D4-9007-C5D96E4F04A7}.Release|x64.ActiveCfg = Release|x64
		{6C1F167B-FA36-49D4-9007-C5D96E4F04A7}.Release|x64.Build.0 = Release|x64
		{EB5D62D1-43CA-4FC4-BA20-022BD0C4CAFB}.Debug|Mixed Platforms.ActiveCfg = Debug|Win32
		{EB5D62D1-43CA-4FC4-BA20-022BD0C4CAFB}.Debug|Mixed Platforms.Build.0 = Debug|Win32
		{EB5D62D1-43CA-4FC4-BA20-022BD0C4CAFB}.Debug|Win32.ActiveCfg = Debug|Win32
		{EB5D62D1-43CA-4FC4-BA20-022BD0C4CAFB}.Debug|Win32.Build.0 = Debug|Win32
		{EB5D62D1-43CA-4FC4-BA20-022BD0C4CAFB}.Debug|x64.ActiveCfg = Debug|x64
		{EB5D62D1-43CA-4FC4-BA20-022BD0C4CAFB}.Debug|x64.Build.0 = Debug|x64
		{EB5D62D1-43CA-4FC4-BA20-022BD0C4CAFB}.Profile|Mixed Platforms.ActiveCfg = Release|Win32
		{EB5D62D1-43CA-4FC4-BA20-022BD0C4CAFB}.Profile|Mixed Platforms.Build.0 = Release|Win32
		{EB5D62D1-43CA-4FC4-BA20-022BD0C4CAFB}.Profile|Win32.ActiveCfg = Release|Win32
		{EB5D62D1-43CA-4FC4-BA20-022BD0C4CAFB}.Profile|Win32.Build.0 = Release|Win32
		{EB5D62D1-43CA-4FC4-BA20-022BD0C4CAFB}.Profile|x64.ActiveCfg = Release|Win32
		{EB5D62D1-43CA-4FC4-BA20-022BD0C4CAFB}.Release|Mixed Platforms.ActiveCfg = Release|Win32
		{EB5D62D1-43CA-4FC4-BA20-022BD0C4CAFB}.Release|Mixed Platforms.Build.0 = Release|Win32
		{EB5D62D1-43CA-4FC4-BA20-022BD0C4CAFB}.Release|Win32.ActiveCfg = Release|Win32
		{EB5D62D1-43CA-4FC4-BA20-022BD0C4CAFB}.Release|Win32.Build.0 = Release|Win32
		{EB5D62D1-43CA-4FC4-BA20-022BD0C4CAFB}.Release|x64.ActiveCfg = Release|x64
		{EB5D62D1-43CA-4FC4-BA20-022BD0C4CAFB}.Release|x64.Build.0 = Release|x64
		{F1C541AE-45EC-4CE0-A44A-850431D7748F}.Debug|Mixed Platforms.ActiveCfg = Debug|Win32
		{F1C541AE-45EC-4CE0-A44A-850431D7748F}.Debug|Mixed Platforms.Build.0 = Debug|Win32
		{F1C541AE-45EC-4CE0-A44A-850431D7748F}.Debug|Win32.ActiveCfg = Debug|Win32
		{F1C541AE-45EC-4CE0-A44A-850431D7748F}.Debug|Win32.Build.0 = Debug|Win32
		{F1C541AE-45EC-4CE0-A44A-850431D7748F}.Debug|x64.ActiveCfg = Debug|x64
		{F1C541AE-45EC-4CE0-A44A-850431D7748F}.Debug|x64.Build.0 = Debug|x64
		{F1C541AE-45EC-4CE0-A44A-850431D7748F}.Profile|Mixed Platforms.ActiveCfg = Release|Win32
		{F1C541AE-45EC-4CE0-A44A-850431D7748F}.Profile|Mixed Platforms.Build.0 = Release|Win32
		{F1C541AE-45EC-4CE0-A44A-850431D7748F}.Profile|Win32.ActiveCfg = Release|Win32
		{F1C541AE-45EC-4CE0-A44A-850431D7748F}.Profile|Win32.Build.0 = Release|Win32
		{F1C541AE-45EC-4CE0-A44A-850431D7748F}.Profile|x64.ActiveCfg = Release|Win32
		{F1C541AE-45EC-4CE0-A44A-850431D7748F}.Release|Mixed Platforms.ActiveCfg = Release|Win32
		{F1C541AE-45EC-4CE0-A44A-850431D7748F}.Release|Mixed Platforms.Build.0 = Release|Win32
		{F1C541AE-45EC-4CE0-A44A-850431D7748F}.Release|Win32.ActiveCfg = Release|Win32
		{F1C541AE-45EC-4CE0-A44A-850431D7748F}.Release|Win32.Build.0 = Release|Win32
		{F1C541AE-45EC-4CE0-A44A-850431D7748F}.Release|x64.ActiveCfg = Release|x64
		{F1C541AE-45EC-4CE0-A44A-850431D7748F}.Release|x64.Build.0 = Release|x64
		{D86BFC50-AEFF-4A71-80FC-5A64420DFF80}.Debug|Mixed Platforms.ActiveCfg = Debug|Win32
		{D86BFC50-AEFF-4A71-80FC-5A64420DFF80}.Debug|Mixed Platforms.Build.0 = Debug|Win32
		{D86BFC50-AEFF-4A71-80FC-5A64420DFF80}.Debug|Win32.ActiveCfg = Debug|Win32
		{D86BFC50-AEFF-4A71-80FC-5A64420DFF80}.Debug|Win32.Build.0 = Debug|Win32
		{D86BFC50-AEFF-4A71-80FC-5A64420DFF80}.Debug|x64.ActiveCfg = Debug|x64
		{D86BFC50-AEFF-4A71-80FC-5A64420DFF80}.Debug|x64.Build.0 = Debug|x64
		{D86BFC50-AEFF-4A71-80FC-5A64420DFF80}.Profile|Mixed Platforms.ActiveCfg = Release|Win32
		{D86BFC50-AEFF-4A71-80FC-5A64420DFF80}.Profile|Mixed Platforms.Build.0 = Release|Win32
		{D86BFC50-AEFF-4A71-80FC-5A64420DFF80}.Profile|Win32.ActiveCfg = Release|Win32
		{D86BFC50-AEFF-4A71-80FC-5A64420DFF80}.Profile|Win32.Build.0 = Release|Win32
		{D86BFC50-AEFF-4A71-80FC-5A64420DFF80}.Profile|x64.ActiveCfg = Release|Win32
		{D86BFC50-AEFF-4A71-80FC-5A64420DFF80}.Release|Mixed Platforms.ActiveCfg = Release|Win32
		{D86BFC50-AEFF-4A71-80FC-5A64420DFF80}.Release|Mixed Platforms.Build.0 = Release|Win32
		{D86BFC50-AEFF-4A71-80FC-5A64420DFF80}.Release|Win32.ActiveCfg = Release|Win32
		{D86BFC50-AEFF-4A71-80FC-5A64420DFF80}.Release|Win32.Build.0 = Release|Win32
		{D86BFC50-AEFF-4A71-80FC-5A64420DFF80}.Release|x64.ActiveCfg = Release|x64
		{D86BFC50-AEFF-4A71-80FC-5A64420DFF80}.Release|x64.Build.0 = Release|x64
		{06339FDA-CCD5-406C-8F98-DE1CFC7E0A33}.Debug|Mixed Platforms.ActiveCfg = Debug|Win32
		{06339FDA-CCD5-406C-8F98-DE1CFC7E0A33}.Debug|Mixed Platforms.Build.0 = Debug|Win32
		{06339FDA-CCD5-406C-8F98-DE1CFC7E0A33}.Debug|Win32.ActiveCfg = Debug|Win32
		{06339FDA-CCD5-406C-8F98-DE1CFC7E0A33}.Debug|Win32.Build.0 = Debug|Win32
		{06339FDA-CCD5-406C-8F98-DE1CFC7E0A33}.Debug|x64.ActiveCfg = Debug|x64
		{06339FDA-CCD5-406C-8F98-DE1CFC7E0A33}.Debug|x64.Build.0 = Debug|x64
		{06339FDA-CCD5-406C-8F98-DE1CFC7E0A33}.Profile|Mixed Platforms.ActiveCfg = Release|Win32
		{06339FDA-CCD5-406C-8F98-DE1CFC7E0A33}.Profile|Mixed Platforms.Build.0 = Release|Win32
		{06339FDA-CCD5-406C-8F98-DE1CFC7E0A33}.Profile|Win32.ActiveCfg = Release|Win32
		{06339FDA-CCD5-406C-8F98-DE1CFC7E0A33}.Profile|Win32.Build.0 = Release|Win32
		{06339FDA-CCD5-406C-8F98-DE1CFC7E0A33}.Profile|x64.ActiveCfg = Release|Win32
		{06339FDA-CCD5-406C-8F98-DE1CFC7E0A33}.Release|Mixed Platforms.ActiveCfg = Release|Win32
		{06339FDA-CCD5-406C-8F98-DE1CFC7E0A33}.Release|Mixed Platforms.Build.0 = Release|Win32
		{06339FDA-CCD5-406C-8F98-DE1CFC7E0A33}.Release|Win32.ActiveCfg = Release|Win32
		{06339FDA-CCD5-406C-8F98-DE1CFC7E0A33}.Release|Win32.Build.0 = Release|Win32
		{06339FDA-CCD5-406C-8F98-DE1CFC7E0A33}.Release|x64.ActiveCfg = Release|x64
		{06339FDA-CCD5-406C-8F98-DE1CFC7E0A33}.Release|x64.Build.0 = Release|x64
		{DF460EAB-570D-4B50-9089-2E2FC801BF38}.Debug|Mixed Platforms.ActiveCfg = Debug|Win32
		{DF460EAB-570D-4B50-9089-2E2FC801BF38}.Debug|Mixed Platforms.Build.0 = Debug|Win32
		{DF460EAB-570D-4B50-9089-2E2FC801BF38}.Debug|Win32.ActiveCfg = Debug|x64
		{DF460EAB-570D-4B50-9089-2E2FC801BF38}.Debug|Win32.Build.0 = Debug|x64
		{DF460EAB-570D-4B50-9089-2E2FC801BF38}.Debug|x64.ActiveCfg = Debug|x64
		{DF460EAB-570D-4B50-9089-2E2FC801BF38}.Debug|x64.Build.0 = Debug|x64
		{DF460EAB-570D-4B50-9089-2E2FC801BF38}.Profile|Mixed Platforms.ActiveCfg = Profile|Win32
		{DF460EAB-570D-4B50-9089-2E2FC801BF38}.Profile|Mixed Platforms.Build.0 = Profile|Win32
		{DF460EAB-570D-4B50-9089-2E2FC801BF38}.Profile|Win32.ActiveCfg = Profile|Win32
		{DF460EAB-570D-4B50-9089-2E2FC801BF38}.Profile|Win32.Build.0 = Profile|Win32
		{DF460EAB-570D-4B50-9089-2E2FC801BF38}.Profile|x64.ActiveCfg = Profile|x64
		{DF460EAB-570D-4B50-9089-2E2FC801BF38}.Profile|x64.Build.0 = Profile|x64
		{DF460EAB-570D-4B50-9089-2E2FC801BF38}.Release|Mixed Platforms.ActiveCfg = Release|Win32
		{DF460EAB-570D-4B50-9089-2E2FC801BF38}.Release|Mixed Platforms.Build.0 = Release|Win32
		{DF460EAB-570D-4B50-9089-2E2FC801BF38}.Release|Win32.ActiveCfg = Release|Win32
		{DF460EAB-570D-4B50-9089-2E2FC801BF38}.Release|Win32.Build.0 = Release|Win32
		{DF460EAB-570D-4B50-9089-2E2FC801BF38}.Release|x64.ActiveCfg = Release|x64
		{DF460EAB-570D-4B50-9089-2E2FC801BF38}.Release|x64.Build.0 = Release|x64
		{ED751491-FD7E-48C0-8BB6-9F2051817703}.Debug|Mixed Platforms.ActiveCfg = Debug|Win32
		{ED751491-FD7E-48C0-8BB6-9F2051817703}.Debug|Mixed Platforms.Build.0 = Debug|Win32
		{ED751491-FD7E-48C0-8BB6-9F2051817703}.Debug|Win32.ActiveCfg = Debug|Win32
		{ED751491-FD7E-48C0-8BB6-9F2051817703}.Debug|Win32.Build.0 = Debug|Win32
		{ED751491-FD7E-48C0-8BB6-9F2051817703}.Debug|x64.ActiveCfg = Debug|x64
		{ED751491-FD7E-48C0-8BB6-9F2051817703}.Debug|x64.Build.0 = Debug|x64
		{ED751491-FD7E-48C0-8BB6-9F2051817703}.Profile|Mixed Platforms.ActiveCfg = Release|Win32
		{ED751491-FD7E-48C0-8BB6-9F2051817703}.Profile|Mixed Platforms.Build.0 = Release|Win32
		{ED751491-FD7E-48C0-8BB6-9F2051817703}.Profile|Win32.ActiveCfg = Release|Win32
		{ED751491-FD7E-48C0-8BB6-9F2051817703}.Profile|Win32.Build.0 = Release|Win32
		{ED751491-FD7E-48C0-8BB6-9F2051817703}.Profile|x64.ActiveCfg = Release|Win32
		{ED751491-FD7E-48C0-8BB6-9F2051817703}.Release|Mixed Platforms.ActiveCfg = Release|Win32
		{ED751491-FD7E-48C0-8BB6-9F2051817703}.Release|Mixed Platforms.Build.0 = Release|Win32
		{ED751491-FD7E-48C0-8BB6-9F2051817703}.Release|Win32.ActiveCfg = Release|Win32
		{ED751491-FD7E-48C0-8BB6-9F2051817703}.Release|Win32.Build.0 = Release|Win32
		{ED751491-FD7E-48C0-8BB6-9F2051817703}.Release|x64.ActiveCfg = Release|x64
		{ED751491-FD7E-48C0-8BB6-9F2051817703}.Release|x64.Build.0 = Release|x64
		{CA626B28-6A68-4796-A464-4AEAB8C78A3F}.Debug|Mixed Platforms.ActiveCfg = Debug|Win32
		{CA626B28-6A68-4796-A464-4AEAB8C78A3F}.Debug|Mixed Platforms.Build.0 = Debug|Win32
		{CA626B28-6A68-4796-A464-4AEAB8C78A3F}.Debug|Win32.ActiveCfg = Debug|Win32
		{CA626B28-6A68-4796-A464-4AEAB8C78A3F}.Debug|Win32.Build.0 = Debug|Win32
		{CA626B28-6A68-4796-A464-4AEAB8C78A3F}.Debug|x64.ActiveCfg = Debug|x64
		{CA626B28-6A68-4796-A464-4AEAB8C78A3F}.Debug|x64.Build.0 = Debug|x64
		{CA626B28-6A68-4796-A464-4AEAB8C78A3F}.Profile|Mixed Platforms.ActiveCfg = Release|Win32
		{CA626B28-6A68-4796-A464-4AEAB8C78A3F}.Profile|Mixed Platforms.Build.0 = Release|Win32
		{CA626B28-6A68-4796-A464-4AEAB8C78A3F}.Profile|Win32.ActiveCfg = Release|Win32
		{CA626B28-6A68-4796-A464-4AEAB8C78A3F}.Profile|Win32.Build.0 = Release|Win32
		{CA626B28-6A68-4796-A464-4AEAB8C78A3F}.Profile|x64.ActiveCfg = Release|x64
		{CA626B28-6A68-4796-A464-4AEAB8C78A3F}.Profile|x64.Build.0 = Release|x64
		{CA626B28-6A68-4796-A464-4AEAB8C78A3F}.Release|Mixed Platforms.ActiveCfg = Release|Win32
		{CA626B28-6A68-4796-A464-4AEAB8C78A3F}.Release|Mixed Platforms.Build.0 = Release|Win32
		{CA626B28-6A68-4796-A464-4AEAB8C78A3F}.Release|Win32.ActiveCfg = Release|Win32
		{CA626B28-6A68-4796-A464-4AEAB8C78A3F}.Release|Win32.Build.0 = Release|Win32
		{CA626B28-6A68-4796-A464-4AEAB8C78A3F}.Release|x64.ActiveCfg = Release|x64
		{CA626B28-6A68-4796-A464-4AEAB8C78A3F}.Release|x64.Build.0 = Release|x64
		{E0B52AE7-E160-4D32-BF3F-910B785E5A8E}.Debug|Mixed Platforms.ActiveCfg = Debug|Win32
		{E0B52AE7-E160-4D32-BF3F-910B785E5A8E}.Debug|Mixed Platforms.Build.0 = Debug|Win32
		{E0B52AE7-E160-4D32-BF3F-910B785E5A8E}.Debug|Win32.ActiveCfg = Debug|Win32
		{E0B52AE7-E160-4D32-BF3F-910B785E5A8E}.Debug|Win32.Build.0 = Debug|Win32
		{E0B52AE7-E160-4D32-BF3F-910B785E5A8E}.Debug|x64.ActiveCfg = Debug|x64
		{E0B52AE7-E160-4D32-BF3F-910B785E5A8E}.Debug|x64.Build.0 = Debug|x64
		{E0B52AE7-E160-4D32-BF3F-910B785E5A8E}.Profile|Mixed Platforms.ActiveCfg = Release|Win32
		{E0B52AE7-E160-4D32-BF3F-910B785E5A8E}.Profile|Mixed Platforms.Build.0 = Release|Win32
		{E0B52AE7-E160-4D32-BF3F-910B785E5A8E}.Profile|Win32.ActiveCfg = Release|Win32
		{E0B52AE7-E160-4D32-BF3F-910B785E5A8E}.Profile|Win32.Build.0 = Release|Win32
		{E0B52AE7-E160-4D32-BF3F-910B785E5A8E}.Profile|x64.ActiveCfg = Release|x64
		{E0B52AE7-E160-4D32-BF3F-910B785E5A8E}.Profile|x64.Build.0 = Release|x64
		{E0B52AE7-E160-4D32-BF3F-910B785E5A8E}.Release|Mixed Platforms.ActiveCfg = Release|Win32
		{E0B52AE7-E160-4D32-BF3F-910B785E5A8E}.Release|Mixed Platforms.Build.0 = Release|Win32
		{E0B52AE7-E160-4D32-BF3F-910B785E5A8E}.Release|Win32.ActiveCfg = Release|Win32
		{E0B52AE7-E160-4D32-BF3F-910B785E5A8E}.Release|Win32.Build.0 = Release|Win32
		{E0B52AE7-E160-4D32-BF3F-910B785E5A8E}.Release|x64.ActiveCfg = Release|x64
		{E0B52AE7-E160-4D32-BF3F-910B785E5A8E}.Release|x64.Build.0 = Release|x64
		{C406DAEC-0886-4771-8DEA-9D7329B46CC1}.Debug|Mixed Platforms.ActiveCfg = Debug|Win32
		{C406DAEC-0886-4771-8DEA-9D7329B46CC1}.Debug|Mixed Platforms.Build.0 = Debug|Win32
		{C406DAEC-0886-4771-8DEA-9D7329B46CC1}.Debug|Win32.ActiveCfg = Debug|Win32
		{C406DAEC-0886-4771-8DEA-9D7329B46CC1}.Debug|Win32.Build.0 = Debug|Win32
		{C406DAEC-0886-4771-8DEA-9D7329B46CC1}.Debug|x64.ActiveCfg = Debug|Win32
		{C406DAEC-0886-4771-8DEA-9D7329B46CC1}.Profile|Mixed Platforms.ActiveCfg = Release|Win32
		{C406DAEC-0886-4771-8DEA-9D7329B46CC1}.Profile|Mixed Platforms.Build.0 = Release|Win32
		{C406DAEC-0886-4771-8DEA-9D7329B46CC1}.Profile|Win32.ActiveCfg = Release|Win32
		{C406DAEC-0886-4771-8DEA-9D7329B46CC1}.Profile|Win32.Build.0 = Release|Win32
		{C406DAEC-0886-4771-8DEA-9D7329B46CC1}.Profile|x64.ActiveCfg = Release|Win32
		{C406DAEC-0886-4771-8DEA-9D7329B46CC1}.Release|Mixed Platforms.ActiveCfg = Release|Win32
		{C406DAEC-0886-4771-8DEA-9D7329B46CC1}.Release|Mixed Platforms.Build.0 = Release|Win32
		{C406DAEC-0886-4771-8DEA-9D7329B46CC1}.Release|Win32.ActiveCfg = Release|Win32
		{C406DAEC-0886-4771-8DEA-9D7329B46CC1}.Release|Win32.Build.0 = Release|Win32
		{C406DAEC-0886-4771-8DEA-9D7329B46CC1}.Release|x64.ActiveCfg = Release|Win32
	EndGlobalSection
	GlobalSection(SolutionProperties) = preSolution
		HideSolutionNode = FALSE
	EndGlobalSection
EndGlobal
